
Microsoft Visual Studio Solution File, Format Version 12.00
# Visual Studio 14
VisualStudioVersion = 14.0.25420.1
MinimumVisualStudioVersion = 10.0.40219.1
Project("{FAE04EC0-301F-11D3-BF4B-00C04F79EFBC}") = "BB.OrderFulfillment.Functions", "BB.OrderFulfillment.Functions\BB.OrderFulfillment.Functions.csproj", "{4F49EE03-C2D2-4052-BCC8-86D54C745025}"
EndProject
Project("{FAE04EC0-301F-11D3-BF4B-00C04F79EFBC}") = "BB.OrderFulfillment.Domain", "BB.OrderFulfillment.Domain\BB.OrderFulfillment.Domain.csproj", "{5BC46753-E470-49CC-ADAF-B457A30F5632}"
EndProject
Project("{2150E333-8FDC-42A3-9474-1A3956D46DE8}") = "Solution Items", "Solution Items", "{7CAF74A2-440C-4470-8D44-55F474131F8C}"
	ProjectSection(SolutionItems) = preProject
		.gitignore = .gitignore
		README.md = README.md
	EndProjectSection
EndProject
Project("{FAE04EC0-301F-11D3-BF4B-00C04F79EFBC}") = "BB.OrderFulfillment.Orders", "BB.OrderFulfillment.Orders\BB.OrderFulfillment.Orders.csproj", "{55220E02-79FE-415D-B81A-D21F79D5F95F}"
EndProject
Global
	GlobalSection(SolutionConfigurationPlatforms) = preSolution
		Debug|Any CPU = Debug|Any CPU
		Release|Any CPU = Release|Any CPU
	EndGlobalSection
	GlobalSection(ProjectConfigurationPlatforms) = postSolution
		{4F49EE03-C2D2-4052-BCC8-86D54C745025}.Debug|Any CPU.ActiveCfg = Debug|Any CPU
		{4F49EE03-C2D2-4052-BCC8-86D54C745025}.Debug|Any CPU.Build.0 = Debug|Any CPU
		{4F49EE03-C2D2-4052-BCC8-86D54C745025}.Release|Any CPU.ActiveCfg = Release|Any CPU
		{4F49EE03-C2D2-4052-BCC8-86D54C745025}.Release|Any CPU.Build.0 = Release|Any CPU
		{5BC46753-E470-49CC-ADAF-B457A30F5632}.Debug|Any CPU.ActiveCfg = Debug|Any CPU
		{5BC46753-E470-49CC-ADAF-B457A30F5632}.Debug|Any CPU.Build.0 = Debug|Any CPU
		{5BC46753-E470-49CC-ADAF-B457A30F5632}.Release|Any CPU.ActiveCfg = Release|Any CPU
		{5BC46753-E470-49CC-ADAF-B457A30F5632}.Release|Any CPU.Build.0 = Release|Any CPU
		{55220E02-79FE-415D-B81A-D21F79D5F95F}.Debug|Any CPU.ActiveCfg = Debug|Any CPU
		{55220E02-79FE-415D-B81A-D21F79D5F95F}.Debug|Any CPU.Build.0 = Debug|Any CPU
		{55220E02-79FE-415D-B81A-D21F79D5F95F}.Release|Any CPU.ActiveCfg = Release|Any CPU
		{55220E02-79FE-415D-B81A-D21F79D5F95F}.Release|Any CPU.Build.0 = Release|Any CPU
	EndGlobalSection
	GlobalSection(SolutionProperties) = preSolution
		HideSolutionNode = FALSE
	EndGlobalSection
EndGlobal
